
Microsoft Visual Studio Solution File, Format Version 12.00
# Visual Studio Version 16
VisualStudioVersion = 25.0.1706.7
MinimumVisualStudioVersion = 10.0.40219.1
Project("{FAE04EC0-301F-11D3-BF4B-00C04F79EFBC}") = "BankAccount", "BankAccount\BankAccount.csproj", "{A8FCE5AF-ADEA-4B8F-BF39-C6D2B54D8746}"
EndProject
Global
	GlobalSection(SolutionConfigurationPlatforms) = preSolution
		Debug|Any CPU = Debug|Any CPU
		Release|Any CPU = Release|Any CPU
	EndGlobalSection
	GlobalSection(ProjectConfigurationPlatforms) = postSolution
		{A8FCE5AF-ADEA-4B8F-BF39-C6D2B54D8746}.Debug|Any CPU.ActiveCfg = Debug|Any CPU
		{A8FCE5AF-ADEA-4B8F-BF39-C6D2B54D8746}.Debug|Any CPU.Build.0 = Debug|Any CPU
		{A8FCE5AF-ADEA-4B8F-BF39-C6D2B54D8746}.Release|Any CPU.ActiveCfg = Release|Any CPU
		{A8FCE5AF-ADEA-4B8F-BF39-C6D2B54D8746}.Release|Any CPU.Build.0 = Release|Any CPU
	EndGlobalSection
	GlobalSection(SolutionProperties) = preSolution
		HideSolutionNode = FALSE
	EndGlobalSection
	GlobalSection(ExtensibilityGlobals) = postSolution
		SolutionGuid = {9EAC487D-B8B5-458F-8E92-F3B8394BD763}
	EndGlobalSection
EndGlobal
